# This file is generated by running "yarn install" inside your project.
# Manual changes might be lost - proceed with caution!

__metadata:
  version: 6
  cacheKey: 8

"chromatic@npm:^9.1.0":
  version: 9.1.0
  resolution: "chromatic@npm:9.1.0"
  bin:
    chroma: dist/bin.js
    chromatic: dist/bin.js
    chromatic-cli: dist/bin.js
  checksum: 4fe6dc7e7011edc655e9a21f496f91679710e37466ffdd3d10debbe87c35af54ccff4eeff1be3bf21a0c03b9871d17b6853083276bd1e71b44b5ec85f22a3bcc
  languageName: node
  linkType: hard

"react-to-this-story@workspace:.":
  version: 0.0.0-use.local
  resolution: "react-to-this-story@workspace:."
  dependencies:
    chromatic: ^9.1.0
  languageName: unknown
  linkType: soft
