# THIS IS AN AUTOGENERATED FILE. DO NOT EDIT THIS FILE DIRECTLY.
# yarn lockfile v1


"chromatic@^9.1.0":
  "integrity" "sha512-9ib8k4LIfg/88kKufxz1N8vgCB7nlLhJqmx+Vx55cM/6DCB/M6oqroirVRXfdeC7qaZuhyUemPF2QHxBh7GXtQ=="
  "resolved" "https://registry.npmjs.org/chromatic/-/chromatic-9.1.0.tgz"
  "version" "9.1.0"
